// !$*UTF8*$!
{
	archiveVersion = 1;
	classes = {
	};
	objectVersion = 48;
	objects = {

/* Begin PBXBuildFile section */
		33A00D23DF84928FAF2EF3A8 /* Pods_sprinter_ios.framework in Frameworks */ = {isa = PBXBuildFile; fileRef = 3DC65462B8FA5523DF401793 /* Pods_sprinter_ios.framework */; };
		CBB40D022068BB9700726698 /* AppDelegate.swift in Sources */ = {isa = PBXBuildFile; fileRef = CBB40D012068BB9700726698 /* AppDelegate.swift */; };
		CBB40D042068BB9700726698 /* ViewController.swift in Sources */ = {isa = PBXBuildFile; fileRef = CBB40D032068BB9700726698 /* ViewController.swift */; };
		CBB40D072068BB9700726698 /* Main.storyboard in Resources */ = {isa = PBXBuildFile; fileRef = CBB40D052068BB9700726698 /* Main.storyboard */; };
		CBB40D092068BB9700726698 /* Assets.xcassets in Resources */ = {isa = PBXBuildFile; fileRef = CBB40D082068BB9700726698 /* Assets.xcassets */; };
		CBB40D0C2068BB9700726698 /* LaunchScreen.storyboard in Resources */ = {isa = PBXBuildFile; fileRef = CBB40D0A2068BB9700726698 /* LaunchScreen.storyboard */; };
/* End PBXBuildFile section */

/* Begin PBXFileReference section */
		3DC65462B8FA5523DF401793 /* Pods_sprinter_ios.framework */ = {isa = PBXFileReference; explicitFileType = wrapper.framework; includeInIndex = 0; path = Pods_sprinter_ios.framework; sourceTree = BUILT_PRODUCTS_DIR; };
		A828F9A8BAEDE044E0FE318F /* Pods-sprinter-ios.debug.xcconfig */ = {isa = PBXFileReference; includeInIndex = 1; lastKnownFileType = text.xcconfig; name = "Pods-sprinter-ios.debug.xcconfig"; path = "Pods/Target Support Files/Pods-sprinter-ios/Pods-sprinter-ios.debug.xcconfig"; sourceTree = "<group>"; };
		B6552D5552E28260D575CCAA /* Pods-sprinter-ios.release.xcconfig */ = {isa = PBXFileReference; includeInIndex = 1; lastKnownFileType = text.xcconfig; name = "Pods-sprinter-ios.release.xcconfig"; path = "Pods/Target Support Files/Pods-sprinter-ios/Pods-sprinter-ios.release.xcconfig"; sourceTree = "<group>"; };
		CBB40CFE2068BB9700726698 /* sprinter-ios.app */ = {isa = PBXFileReference; explicitFileType = wrapper.application; includeInIndex = 0; path = "sprinter-ios.app"; sourceTree = BUILT_PRODUCTS_DIR; };
		CBB40D012068BB9700726698 /* AppDelegate.swift */ = {isa = PBXFileReference; lastKnownFileType = sourcecode.swift; path = AppDelegate.swift; sourceTree = "<group>"; };
		CBB40D032068BB9700726698 /* ViewController.swift */ = {isa = PBXFileReference; lastKnownFileType = sourcecode.swift; path = ViewController.swift; sourceTree = "<group>"; };
		CBB40D062068BB9700726698 /* Base */ = {isa = PBXFileReference; lastKnownFileType = file.storyboard; name = Base; path = Base.lproj/Main.storyboard; sourceTree = "<group>"; };
		CBB40D082068BB9700726698 /* Assets.xcassets */ = {isa = PBXFileReference; lastKnownFileType = folder.assetcatalog; path = Assets.xcassets; sourceTree = "<group>"; };
		CBB40D0B2068BB9700726698 /* Base */ = {isa = PBXFileReference; lastKnownFileType = file.storyboard; name = Base; path = Base.lproj/LaunchScreen.storyboard; sourceTree = "<group>"; };
		CBB40D0D2068BB9700726698 /* Info.plist */ = {isa = PBXFileReference; lastKnownFileType = text.plist.xml; path = Info.plist; sourceTree = "<group>"; };
/* End PBXFileReference section */

/* Begin PBXFrameworksBuildPhase section */
		CBB40CFB2068BB9700726698 /* Frameworks */ = {
			isa = PBXFrameworksBuildPhase;
			buildActionMask = 2147483647;
			files = (
				33A00D23DF84928FAF2EF3A8 /* Pods_sprinter_ios.framework in Frameworks */,
			);
			runOnlyForDeploymentPostprocessing = 0;
		};
/* End PBXFrameworksBuildPhase section */

/* Begin PBXGroup section */
		78F75B44AA3D475998D1AE3A /* Pods */ = {
			isa = PBXGroup;
			children = (
				A828F9A8BAEDE044E0FE318F /* Pods-sprinter-ios.debug.xcconfig */,
				B6552D5552E28260D575CCAA /* Pods-sprinter-ios.release.xcconfig */,
			);
			name = Pods;
			sourceTree = "<group>";
		};
		CBB40CF52068BB9700726698 = {
			isa = PBXGroup;
			children = (
				CBB40D002068BB9700726698 /* sprinter-ios */,
				CBB40CFF2068BB9700726698 /* Products */,
				78F75B44AA3D475998D1AE3A /* Pods */,
				DFBE938D327AB6805BD83E70 /* Frameworks */,
			);
			sourceTree = "<group>";
		};
		CBB40CFF2068BB9700726698 /* Products */ = {
			isa = PBXGroup;
			children = (
				CBB40CFE2068BB9700726698 /* sprinter-ios.app */,
			);
			name = Products;
			sourceTree = "<group>";
		};
		CBB40D002068BB9700726698 /* sprinter-ios */ = {
			isa = PBXGroup;
			children = (
				CBB40D012068BB9700726698 /* AppDelegate.swift */,
				CBB40D032068BB9700726698 /* ViewController.swift */,
				CBB40D052068BB9700726698 /* Main.storyboard */,
				CBB40D082068BB9700726698 /* Assets.xcassets */,
				CBB40D0A2068BB9700726698 /* LaunchScreen.storyboard */,
				CBB40D0D2068BB9700726698 /* Info.plist */,
			);
			path = "sprinter-ios";
			sourceTree = "<group>";
		};
		DFBE938D327AB6805BD83E70 /* Frameworks */ = {
			isa = PBXGroup;
			children = (
				3DC65462B8FA5523DF401793 /* Pods_sprinter_ios.framework */,
			);
			name = Frameworks;
			sourceTree = "<group>";
		};
/* End PBXGroup section */

/* Begin PBXNativeTarget section */
		CBB40CFD2068BB9700726698 /* sprinter-ios */ = {
			isa = PBXNativeTarget;
			buildConfigurationList = CBB40D102068BB9700726698 /* Build configuration list for PBXNativeTarget "sprinter-ios" */;
			buildPhases = (
				046045A6F657CCA38EF07E38 /* [CP] Check Pods Manifest.lock */,
				CBB40CFA2068BB9700726698 /* Sources */,
				CBB40CFB2068BB9700726698 /* Frameworks */,
				CBB40CFC2068BB9700726698 /* Resources */,
				89F880057BFCAF1B92610965 /* [CP] Embed Pods Frameworks */,
				25E04C5219E6D03BCB327243 /* [CP] Copy Pods Resources */,
			);
			buildRules = (
			);
			dependencies = (
			);
			name = "sprinter-ios";
			productName = "sprinter-ios";
			productReference = CBB40CFE2068BB9700726698 /* sprinter-ios.app */;
			productType = "com.apple.product-type.application";
		};
/* End PBXNativeTarget section */

/* Begin PBXProject section */
		CBB40CF62068BB9700726698 /* Project object */ = {
			isa = PBXProject;
			attributes = {
				LastSwiftUpdateCheck = 0920;
				LastUpgradeCheck = 0920;
				ORGANIZATIONNAME = "김재희";
				TargetAttributes = {
					CBB40CFD2068BB9700726698 = {
						CreatedOnToolsVersion = 9.2;
						ProvisioningStyle = Automatic;
					};
				};
			};
			buildConfigurationList = CBB40CF92068BB9700726698 /* Build configuration list for PBXProject "sprinter-ios" */;
			compatibilityVersion = "Xcode 8.0";
			developmentRegion = en;
			hasScannedForEncodings = 0;
			knownRegions = (
				en,
				Base,
			);
			mainGroup = CBB40CF52068BB9700726698;
			productRefGroup = CBB40CFF2068BB9700726698 /* Products */;
			projectDirPath = "";
			projectRoot = "";
			targets = (
				CBB40CFD2068BB9700726698 /* sprinter-ios */,
			);
		};
/* End PBXProject section */

/* Begin PBXResourcesBuildPhase section */
		CBB40CFC2068BB9700726698 /* Resources */ = {
			isa = PBXResourcesBuildPhase;
			buildActionMask = 2147483647;
			files = (
				CBB40D0C2068BB9700726698 /* LaunchScreen.storyboard in Resources */,
				CBB40D092068BB9700726698 /* Assets.xcassets in Resources */,
				CBB40D072068BB9700726698 /* Main.storyboard in Resources */,
			);
			runOnlyForDeploymentPostprocessing = 0;
		};
/* End PBXResourcesBuildPhase section */

/* Begin PBXShellScriptBuildPhase section */
		046045A6F657CCA38EF07E38 /* [CP] Check Pods Manifest.lock */ = {
			isa = PBXShellScriptBuildPhase;
			buildActionMask = 2147483647;
			files = (
			);
			inputPaths = (
				"${PODS_PODFILE_DIR_PATH}/Podfile.lock",
				"${PODS_ROOT}/Manifest.lock",
			);
			name = "[CP] Check Pods Manifest.lock";
			outputPaths = (
				"$(DERIVED_FILE_DIR)/Pods-sprinter-ios-checkManifestLockResult.txt",
			);
			runOnlyForDeploymentPostprocessing = 0;
			shellPath = /bin/sh;
			shellScript = "diff \"${PODS_PODFILE_DIR_PATH}/Podfile.lock\" \"${PODS_ROOT}/Manifest.lock\" > /dev/null\nif [ $? != 0 ] ; then\n    # print error to STDERR\n    echo \"error: The sandbox is not in sync with the Podfile.lock. Run 'pod install' or update your CocoaPods installation.\" >&2\n    exit 1\nfi\n# This output is used by Xcode 'outputs' to avoid re-running this script phase.\necho \"SUCCESS\" > \"${SCRIPT_OUTPUT_FILE_0}\"\n";
			showEnvVarsInLog = 0;
		};
		25E04C5219E6D03BCB327243 /* [CP] Copy Pods Resources */ = {
			isa = PBXShellScriptBuildPhase;
			buildActionMask = 2147483647;
			files = (
			);
			inputPaths = (
			);
			name = "[CP] Copy Pods Resources";
			outputPaths = (
			);
			runOnlyForDeploymentPostprocessing = 0;
			shellPath = /bin/sh;
			shellScript = "\"${SRCROOT}/Pods/Target Support Files/Pods-sprinter-ios/Pods-sprinter-ios-resources.sh\"\n";
			showEnvVarsInLog = 0;
		};
		89F880057BFCAF1B92610965 /* [CP] Embed Pods Frameworks */ = {
			isa = PBXShellScriptBuildPhase;
			buildActionMask = 2147483647;
			files = (
			);
			inputPaths = (
			);
			name = "[CP] Embed Pods Frameworks";
			outputPaths = (
			);
			runOnlyForDeploymentPostprocessing = 0;
			shellPath = /bin/sh;
			shellScript = "\"${SRCROOT}/Pods/Target Support Files/Pods-sprinter-ios/Pods-sprinter-ios-frameworks.sh\"\n";
			showEnvVarsInLog = 0;
		};
/* End PBXShellScriptBuildPhase section */

/* Begin PBXSourcesBuildPhase section */
		CBB40CFA2068BB9700726698 /* Sources */ = {
			isa = PBXSourcesBuildPhase;
			buildActionMask = 2147483647;
			files = (
				CBB40D042068BB9700726698 /* ViewController.swift in Sources */,
				CBB40D022068BB9700726698 /* AppDelegate.swift in Sources */,
			);
			runOnlyForDeploymentPostprocessing = 0;
		};
/* End PBXSourcesBuildPhase section */

/* Begin PBXVariantGroup section */
		CBB40D052068BB9700726698 /* Main.storyboard */ = {
			isa = PBXVariantGroup;
			children = (
				CBB40D062068BB9700726698 /* Base */,
			);
			name = Main.storyboard;
			sourceTree = "<group>";
		};
		CBB40D0A2068BB9700726698 /* LaunchScreen.storyboard */ = {
			isa = PBXVariantGroup;
			children = (
				CBB40D0B2068BB9700726698 /* Base */,
			);
			name = LaunchScreen.storyboard;
			sourceTree = "<group>";
		};
/* End PBXVariantGroup section */

/* Begin XCBuildConfiguration section */
		CBB40D0E2068BB9700726698 /* Debug */ = {
			isa = XCBuildConfiguration;
			buildSettings = {
				ALWAYS_SEARCH_USER_PATHS = NO;
				CLANG_ANALYZER_NONNULL = YES;
				CLANG_ANALYZER_NUMBER_OBJECT_CONVERSION = YES_AGGRESSIVE;
				CLANG_CXX_LANGUAGE_STANDARD = "gnu++14";
				CLANG_CXX_LIBRARY = "libc++";
				CLANG_ENABLE_MODULES = YES;
				CLANG_ENABLE_OBJC_ARC = YES;
				CLANG_WARN_BLOCK_CAPTURE_AUTORELEASING = YES;
				CLANG_WARN_BOOL_CONVERSION = YES;
				CLANG_WARN_COMMA = YES;
				CLANG_WARN_CONSTANT_CONVERSION = YES;
				CLANG_WARN_DIRECT_OBJC_ISA_USAGE = YES_ERROR;
				CLANG_WARN_DOCUMENTATION_COMMENTS = YES;
				CLANG_WARN_EMPTY_BODY = YES;
				CLANG_WARN_ENUM_CONVERSION = YES;
				CLANG_WARN_INFINITE_RECURSION = YES;
				CLANG_WARN_INT_CONVERSION = YES;
				CLANG_WARN_NON_LITERAL_NULL_CONVERSION = YES;
				CLANG_WARN_OBJC_LITERAL_CONVERSION = YES;
				CLANG_WARN_OBJC_ROOT_CLASS = YES_ERROR;
				CLANG_WARN_RANGE_LOOP_ANALYSIS = YES;
				CLANG_WARN_STRICT_PROTOTYPES = YES;
				CLANG_WARN_SUSPICIOUS_MOVE = YES;
				CLANG_WARN_UNGUARDED_AVAILABILITY = YES_AGGRESSIVE;
				CLANG_WARN_UNREACHABLE_CODE = YES;
				CLANG_WARN__DUPLICATE_METHOD_MATCH = YES;
				CODE_SIGN_IDENTITY = "iPhone Developer";
				COPY_PHASE_STRIP = NO;
				DEBUG_INFORMATION_FORMAT = dwarf;
				ENABLE_STRICT_OBJC_MSGSEND = YES;
				ENABLE_TESTABILITY = YES;
				GCC_C_LANGUAGE_STANDARD = gnu11;
				GCC_DYNAMIC_NO_PIC = NO;
				GCC_NO_COMMON_BLOCKS = YES;
				GCC_OPTIMIZATION_LEVEL = 0;
				GCC_PREPROCESSOR_DEFINITIONS = (
					"DEBUG=1",
					"$(inherited)",
				);
				GCC_WARN_64_TO_32_BIT_CONVERSION = YES;
				GCC_WARN_ABOUT_RETURN_TYPE = YES_ERROR;
				GCC_WARN_UNDECLARED_SELECTOR = YES;
				GCC_WARN_UNINITIALIZED_AUTOS = YES_AGGRESSIVE;
				GCC_WARN_UNUSED_FUNCTION = YES;
				GCC_WARN_UNUSED_VARIABLE = YES;
				IPHONEOS_DEPLOYMENT_TARGET = 11.2;
				MTL_ENABLE_DEBUG_INFO = YES;
				ONLY_ACTIVE_ARCH = YES;
				SDKROOT = iphoneos;
				SWIFT_ACTIVE_COMPILATION_CONDITIONS = DEBUG;
				SWIFT_OPTIMIZATION_LEVEL = "-Onone";
			};
			name = Debug;
		};
		CBB40D0F2068BB9700726698 /* Release */ = {
			isa = XCBuildConfiguration;
			buildSettings = {
				ALWAYS_SEARCH_USER_PATHS = NO;
				CLANG_ANALYZER_NONNULL = YES;
				CLANG_ANALYZER_NUMBER_OBJECT_CONVERSION = YES_AGGRESSIVE;
				CLANG_CXX_LANGUAGE_STANDARD = "gnu++14";
				CLANG_CXX_LIBRARY = "libc++";
				CLANG_ENABLE_MODULES = YES;
				CLANG_ENABLE_OBJC_ARC = YES;
				CLANG_WARN_BLOCK_CAPTURE_AUTORELEASING = YES;
				CLANG_WARN_BOOL_CONVERSION = YES;
				CLANG_WARN_COMMA = YES;
				CLANG_WARN_CONSTANT_CONVERSION = YES;
				CLANG_WARN_DIRECT_OBJC_ISA_USAGE = YES_ERROR;
				CLANG_WARN_DOCUMENTATION_COMMENTS = YES;
				CLANG_WARN_EMPTY_BODY = YES;
				CLANG_WARN_ENUM_CONVERSION = YES;
				CLANG_WARN_INFINITE_RECURSION = YES;
				CLANG_WARN_INT_CONVERSION = YES;
				CLANG_WARN_NON_LITERAL_NULL_CONVERSION = YES;
				CLANG_WARN_OBJC_LITERAL_CONVERSION = YES;
				CLANG_WARN_OBJC_ROOT_CLASS = YES_ERROR;
				CLANG_WARN_RANGE_LOOP_ANALYSIS = YES;
				CLANG_WARN_STRICT_PROTOTYPES = YES;
				CLANG_WARN_SUSPICIOUS_MOVE = YES;
				CLANG_WARN_UNGUARDED_AVAILABILITY = YES_AGGRESSIVE;
				CLANG_WARN_UNREACHABLE_CODE = YES;
				CLANG_WARN__DUPLICATE_METHOD_MATCH = YES;
				CODE_SIGN_IDENTITY = "iPhone Developer";
				COPY_PHASE_STRIP = NO;
				DEBUG_INFORMATION_FORMAT = "dwarf-with-dsym";
				ENABLE_NS_ASSERTIONS = NO;
				ENABLE_STRICT_OBJC_MSGSEND = YES;
				GCC_C_LANGUAGE_STANDARD = gnu11;
				GCC_NO_COMMON_BLOCKS = YES;
				GCC_WARN_64_TO_32_BIT_CONVERSION = YES;
				GCC_WARN_ABOUT_RETURN_TYPE = YES_ERROR;
				GCC_WARN_UNDECLARED_SELECTOR = YES;
				GCC_WARN_UNINITIALIZED_AUTOS = YES_AGGRESSIVE;
				GCC_WARN_UNUSED_FUNCTION = YES;
				GCC_WARN_UNUSED_VARIABLE = YES;
				IPHONEOS_DEPLOYMENT_TARGET = 11.2;
				MTL_ENABLE_DEBUG_INFO = NO;
				SDKROOT = iphoneos;
				SWIFT_OPTIMIZATION_LEVEL = "-Owholemodule";
				VALIDATE_PRODUCT = YES;
			};
			name = Release;
		};
		CBB40D112068BB9700726698 /* Debug */ = {
			isa = XCBuildConfiguration;
			baseConfigurationReference = A828F9A8BAEDE044E0FE318F /* Pods-sprinter-ios.debug.xcconfig */;
			buildSettings = {
				ASSETCATALOG_COMPILER_APPICON_NAME = AppIcon;
				CODE_SIGN_STYLE = Automatic;
				INFOPLIST_FILE = "sprinter-ios/Info.plist";
				LD_RUNPATH_SEARCH_PATHS = "$(inherited) @executable_path/Frameworks";
				PRODUCT_BUNDLE_IDENTIFIER = "github.com-jaehui327.sprinter-ios";
				PRODUCT_NAME = "$(TARGET_NAME)";
				SWIFT_VERSION = 4.0;
				TARGETED_DEVICE_FAMILY = "1,2";
			};
			name = Debug;
		};
		CBB40D122068BB9700726698 /* Release */ = {
			isa = XCBuildConfiguration;
			baseConfigurationReference = B6552D5552E28260D575CCAA /* Pods-sprinter-ios.release.xcconfig */;
			buildSettings = {
				ASSETCATALOG_COMPILER_APPICON_NAME = AppIcon;
				CODE_SIGN_STYLE = Automatic;
				INFOPLIST_FILE = "sprinter-ios/Info.plist";
				LD_RUNPATH_SEARCH_PATHS = "$(inherited) @executable_path/Frameworks";
				PRODUCT_BUNDLE_IDENTIFIER = "github.com-jaehui327.sprinter-ios";
				PRODUCT_NAME = "$(TARGET_NAME)";
				SWIFT_VERSION = 4.0;
				TARGETED_DEVICE_FAMILY = "1,2";
			};
			name = Release;
		};
/* End XCBuildConfiguration section */

/* Begin XCConfigurationList section */
		CBB40CF92068BB9700726698 /* Build configuration list for PBXProject "sprinter-ios" */ = {
			isa = XCConfigurationList;
			buildConfigurations = (
				CBB40D0E2068BB9700726698 /* Debug */,
				CBB40D0F2068BB9700726698 /* Release */,
			);
			defaultConfigurationIsVisible = 0;
			defaultConfigurationName = Release;
		};
		CBB40D102068BB9700726698 /* Build configuration list for PBXNativeTarget "sprinter-ios" */ = {
			isa = XCConfigurationList;
			buildConfigurations = (
				CBB40D112068BB9700726698 /* Debug */,
				CBB40D122068BB9700726698 /* Release */,
			);
			defaultConfigurationIsVisible = 0;
			defaultConfigurationName = Release;
		};
/* End XCConfigurationList section */
	};
	rootObject = CBB40CF62068BB9700726698 /* Project object */;
}
